<?xml version="1.0" encoding="utf-8"?>
<Project ToolsVersion="4.0" xmlns="http://schemas.microsoft.com/developer/msbuild/2003">
  <ItemGroup>
    <Filter Include="Source Files">
      <UniqueIdentifier>{4FC737F1-C7A5-4376-A066-2A32D752A2FF}</UniqueIdentifier>
      <Extensions>cpp;c;cc;cxx;def;odl;idl;hpj;bat;asm;asmx</Extensions>
    </Filter>
    <Filter Include="Header Files">
      <UniqueIdentifier>{93995380-89BD-4b04-88EB-625FBE52EBFB}</UniqueIdentifier>
      <Extensions>h;hh;hpp;hxx;hm;inl;inc;xsd</Extensions>
    </Filter>
    <Filter Include="Resource Files">
      <UniqueIdentifier>{67DA6AB6-F800-4c08-8B7A-83BB121AAD01}</UniqueIdentifier>
      <Extensions>rc;ico;cur;bmp;dlg;rc2;rct;bin;rgs;gif;jpg;jpeg;jpe;resx;tiff;tif;png;wav;mfcribbon-ms</Extensions>
    </Filter>
    <Filter Include="Header Files\Bullets">
      <UniqueIdentifier>{c720b9b5-b1bd-423c-ba61-6190ba373a03}</UniqueIdentifier>
    </Filter>
    <Filter Include="Source Files\Bullets">
      <UniqueIdentifier>{6fa86617-c6d7-4a35-8c9a-5a48ce9b7148}</UniqueIdentifier>
    </Filter>
    <Filter Include="Header Files\Enemy">
      <UniqueIdentifier>{5db5f6db-c507-4f03-86cd-5e945bf823a9}</UniqueIdentifier>
    </Filter>
    <Filter Include="Source Files\Enemy">
      <UniqueIdentifier>{17dadf6f-8d1c-4c4c-b9af-3a343d71147f}</UniqueIdentifier>
    </Filter>
  </ItemGroup>
  <ItemGroup>
    <Text Include="ReadMe.txt" />
  </ItemGroup>
  <ItemGroup>
    <ClInclude Include="stdafx.h">
      <Filter>Header Files</Filter>
    </ClInclude>
    <ClInclude Include="targetver.h">
      <Filter>Header Files</Filter>
    </ClInclude>
    <ClInclude Include="Player.h">
      <Filter>Header Files</Filter>
    </ClInclude>
    <ClInclude Include="Bullet.h">
      <Filter>Header Files\Bullets</Filter>
    </ClInclude>
    <ClInclude Include="BulletGroup.h">
      <Filter>Header Files\Bullets</Filter>
    </ClInclude>
    <ClInclude Include="BulletManager.h">
      <Filter>Header Files\Bullets</Filter>
    </ClInclude>
    <ClInclude Include="ExplosionBulletPattern.h">
      <Filter>Header Files\Bullets</Filter>
    </ClInclude>
    <ClInclude Include="SpiralBulletPattern.h">
      <Filter>Header Files\Bullets</Filter>
    </ClInclude>
    <ClInclude Include="PlControls.h">
      <Filter>Header Files</Filter>
    </ClInclude>
    <ClInclude Include="Tower.h">
      <Filter>Header Files</Filter>
    </ClInclude>
    <ClInclude Include="Enemy.h">
      <Filter>Header Files\Enemy</Filter>
    </ClInclude>
    <ClInclude Include="EnemyManager.h">
      <Filter>Header Files\Enemy</Filter>
    </ClInclude>
    <ClInclude Include="HomingEnemy.h">
      <Filter>Header Files\Enemy</Filter>
    </ClInclude>
    <ClInclude Include="CollisionManager.h">
      <Filter>Header Files</Filter>
    </ClInclude>
    <ClInclude Include="UI.h">
      <Filter>Header Files</Filter>
    </ClInclude>
    <ClInclude Include="Level.h">
      <Filter>Header Files</Filter>
    </ClInclude>
    <ClInclude Include="SlowShootyEnem.h">
      <Filter>Header Files\Enemy</Filter>
    </ClInclude>
    <ClInclude Include="Boss.h">
      <Filter>Header Files\Enemy</Filter>
    </ClInclude>
    <ClInclude Include="BossTower.h">
      <Filter>Header Files\Enemy</Filter>
    </ClInclude>
    <ClInclude Include="WeakSpot.h">
      <Filter>Header Files</Filter>
    </ClInclude>
    <ClInclude Include="StraightBulletGroup.h">
      <Filter>Header Files\Bullets</Filter>
    </ClInclude>
  </ItemGroup>
  <ItemGroup>
    <ClCompile Include="stdafx.cpp">
      <Filter>Source Files</Filter>
    </ClCompile>
    <ClCompile Include="Bullet.cpp">
      <Filter>Source Files\Bullets</Filter>
    </ClCompile>
    <ClCompile Include="BulletGroup.cpp">
      <Filter>Source Files\Bullets</Filter>
    </ClCompile>
    <ClCompile Include="BulletManager.cpp">
      <Filter>Source Files\Bullets</Filter>
    </ClCompile>
    <ClCompile Include="ExplosionBulletPattern.cpp">
      <Filter>Source Files\Bullets</Filter>
    </ClCompile>
    <ClCompile Include="SpiralBulletPattern.cpp">
      <Filter>Source Files\Bullets</Filter>
    </ClCompile>
    <ClCompile Include="Player.cpp">
      <Filter>Source Files</Filter>
    </ClCompile>
    <ClCompile Include="SMFL.cpp">
      <Filter>Source Files</Filter>
    </ClCompile>
    <ClCompile Include="StraightBulletGroup.cpp">
      <Filter>Source Files</Filter>
    </ClCompile>
    <ClCompile Include="PlControls.cpp">
      <Filter>Source Files</Filter>
    </ClCompile>
    <ClCompile Include="Tower.cpp">
      <Filter>Source Files</Filter>
    </ClCompile>
    <ClCompile Include="Enemy.cpp">
      <Filter>Source Files\Enemy</Filter>
    </ClCompile>
    <ClCompile Include="EnemyManager.cpp">
      <Filter>Source Files\Enemy</Filter>
    </ClCompile>
    <ClCompile Include="HomingEnemy.cpp">
      <Filter>Source Files\Enemy</Filter>
    </ClCompile>
    <ClCompile Include="CollisionManager.cpp">
      <Filter>Source Files</Filter>
    </ClCompile>
    <ClCompile Include="UI.cpp">
      <Filter>Source Files</Filter>
    </ClCompile>
    <ClCompile Include="Level.cpp">
      <Filter>Source Files</Filter>
    </ClCompile>
    <ClCompile Include="SlowShootyEnem.cpp">
      <Filter>Source Files\Enemy</Filter>
    </ClCompile>
    <ClCompile Include="Boss.cpp">
      <Filter>Source Files\Enemy</Filter>
    </ClCompile>
    <ClCompile Include="BossTower.cpp">
      <Filter>Source Files\Enemy</Filter>
    </ClCompile>
    <ClCompile Include="WeakSpot.cpp">
      <Filter>Source Files\Enemy</Filter>
    </ClCompile>
  </ItemGroup>
</Project>